// !$*UTF8*$!
{
	archiveVersion = 1;
	classes = {
	};
	objectVersion = 55;
	objects = {

/* Begin PBXBuildFile section */
		9B65BBD928659EE00080F3A8 /* MyShopApp.swift in Sources */ = {isa = PBXBuildFile; fileRef = 9B65BBD828659EE00080F3A8 /* MyShopApp.swift */; };
		9B65BBDB28659EE00080F3A8 /* ContentView.swift in Sources */ = {isa = PBXBuildFile; fileRef = 9B65BBDA28659EE00080F3A8 /* ContentView.swift */; };
		9B65BBDD28659EE20080F3A8 /* Assets.xcassets in Resources */ = {isa = PBXBuildFile; fileRef = 9B65BBDC28659EE20080F3A8 /* Assets.xcassets */; };
		9B65BBE028659EE20080F3A8 /* Preview Assets.xcassets in Resources */ = {isa = PBXBuildFile; fileRef = 9B65BBDF28659EE20080F3A8 /* Preview Assets.xcassets */; };
		9B65BBEA28659EE20080F3A8 /* MyShopTests.swift in Sources */ = {isa = PBXBuildFile; fileRef = 9B65BBE928659EE20080F3A8 /* MyShopTests.swift */; };
		9B65BBF428659EE20080F3A8 /* MyShopUITests.swift in Sources */ = {isa = PBXBuildFile; fileRef = 9B65BBF328659EE20080F3A8 /* MyShopUITests.swift */; };
		9B65BBF628659EE20080F3A8 /* MyShopUITestsLaunchTests.swift in Sources */ = {isa = PBXBuildFile; fileRef = 9B65BBF528659EE20080F3A8 /* MyShopUITestsLaunchTests.swift */; };
		9B65BC042865A1570080F3A8 /* Product.swift in Sources */ = {isa = PBXBuildFile; fileRef = 9B65BC032865A1570080F3A8 /* Product.swift */; };
		9B65BC092865A55B0080F3A8 /* ProductCard.swift in Sources */ = {isa = PBXBuildFile; fileRef = 9B65BC082865A55B0080F3A8 /* ProductCard.swift */; };
		9B65BC0E2865AC380080F3A8 /* CartButton.swift in Sources */ = {isa = PBXBuildFile; fileRef = 9B65BC0D2865AC380080F3A8 /* CartButton.swift */; };
		9B65BC102869B2CD0080F3A8 /* CartView.swift in Sources */ = {isa = PBXBuildFile; fileRef = 9B65BC0F2869B2CD0080F3A8 /* CartView.swift */; };
		9B65BC122869B3800080F3A8 /* CartManager.swift in Sources */ = {isa = PBXBuildFile; fileRef = 9B65BC112869B3800080F3A8 /* CartManager.swift */; };
		9B65BC142869B6380080F3A8 /* ProductRow.swift in Sources */ = {isa = PBXBuildFile; fileRef = 9B65BC132869B6380080F3A8 /* ProductRow.swift */; };
/* End PBXBuildFile section */

/* Begin PBXContainerItemProxy section */
		9B65BBE628659EE20080F3A8 /* PBXContainerItemProxy */ = {
			isa = PBXContainerItemProxy;
			containerPortal = 9B65BBCD28659EE00080F3A8 /* Project object */;
			proxyType = 1;
			remoteGlobalIDString = 9B65BBD428659EE00080F3A8;
			remoteInfo = MyShop;
		};
		9B65BBF028659EE20080F3A8 /* PBXContainerItemProxy */ = {
			isa = PBXContainerItemProxy;
			containerPortal = 9B65BBCD28659EE00080F3A8 /* Project object */;
			proxyType = 1;
			remoteGlobalIDString = 9B65BBD428659EE00080F3A8;
			remoteInfo = MyShop;
		};
/* End PBXContainerItemProxy section */

/* Begin PBXFileReference section */
		9B65BBD528659EE00080F3A8 /* MyShop.app */ = {isa = PBXFileReference; explicitFileType = wrapper.application; includeInIndex = 0; path = MyShop.app; sourceTree = BUILT_PRODUCTS_DIR; };
		9B65BBD828659EE00080F3A8 /* MyShopApp.swift */ = {isa = PBXFileReference; lastKnownFileType = sourcecode.swift; path = MyShopApp.swift; sourceTree = "<group>"; };
		9B65BBDA28659EE00080F3A8 /* ContentView.swift */ = {isa = PBXFileReference; lastKnownFileType = sourcecode.swift; path = ContentView.swift; sourceTree = "<group>"; };
		9B65BBDC28659EE20080F3A8 /* Assets.xcassets */ = {isa = PBXFileReference; lastKnownFileType = folder.assetcatalog; path = Assets.xcassets; sourceTree = "<group>"; };
		9B65BBDF28659EE20080F3A8 /* Preview Assets.xcassets */ = {isa = PBXFileReference; lastKnownFileType = folder.assetcatalog; path = "Preview Assets.xcassets"; sourceTree = "<group>"; };
		9B65BBE528659EE20080F3A8 /* MyShopTests.xctest */ = {isa = PBXFileReference; explicitFileType = wrapper.cfbundle; includeInIndex = 0; path = MyShopTests.xctest; sourceTree = BUILT_PRODUCTS_DIR; };
		9B65BBE928659EE20080F3A8 /* MyShopTests.swift */ = {isa = PBXFileReference; lastKnownFileType = sourcecode.swift; path = MyShopTests.swift; sourceTree = "<group>"; };
		9B65BBEF28659EE20080F3A8 /* MyShopUITests.xctest */ = {isa = PBXFileReference; explicitFileType = wrapper.cfbundle; includeInIndex = 0; path = MyShopUITests.xctest; sourceTree = BUILT_PRODUCTS_DIR; };
		9B65BBF328659EE20080F3A8 /* MyShopUITests.swift */ = {isa = PBXFileReference; lastKnownFileType = sourcecode.swift; path = MyShopUITests.swift; sourceTree = "<group>"; };
		9B65BBF528659EE20080F3A8 /* MyShopUITestsLaunchTests.swift */ = {isa = PBXFileReference; lastKnownFileType = sourcecode.swift; path = MyShopUITestsLaunchTests.swift; sourceTree = "<group>"; };
		9B65BC032865A1570080F3A8 /* Product.swift */ = {isa = PBXFileReference; lastKnownFileType = sourcecode.swift; path = Product.swift; sourceTree = "<group>"; };
		9B65BC082865A55B0080F3A8 /* ProductCard.swift */ = {isa = PBXFileReference; lastKnownFileType = sourcecode.swift; path = ProductCard.swift; sourceTree = "<group>"; };
		9B65BC0D2865AC380080F3A8 /* CartButton.swift */ = {isa = PBXFileReference; lastKnownFileType = sourcecode.swift; path = CartButton.swift; sourceTree = "<group>"; };
		9B65BC0F2869B2CD0080F3A8 /* CartView.swift */ = {isa = PBXFileReference; lastKnownFileType = sourcecode.swift; path = CartView.swift; sourceTree = "<group>"; };
		9B65BC112869B3800080F3A8 /* CartManager.swift */ = {isa = PBXFileReference; lastKnownFileType = sourcecode.swift; path = CartManager.swift; sourceTree = "<group>"; };
		9B65BC132869B6380080F3A8 /* ProductRow.swift */ = {isa = PBXFileReference; lastKnownFileType = sourcecode.swift; path = ProductRow.swift; sourceTree = "<group>"; };
/* End PBXFileReference section */

/* Begin PBXFrameworksBuildPhase section */
		9B65BBD228659EE00080F3A8 /* Frameworks */ = {
			isa = PBXFrameworksBuildPhase;
			buildActionMask = 2147483647;
			files = (
			);
			runOnlyForDeploymentPostprocessing = 0;
		};
		9B65BBE228659EE20080F3A8 /* Frameworks */ = {
			isa = PBXFrameworksBuildPhase;
			buildActionMask = 2147483647;
			files = (
			);
			runOnlyForDeploymentPostprocessing = 0;
		};
		9B65BBEC28659EE20080F3A8 /* Frameworks */ = {
			isa = PBXFrameworksBuildPhase;
			buildActionMask = 2147483647;
			files = (
			);
			runOnlyForDeploymentPostprocessing = 0;
		};
/* End PBXFrameworksBuildPhase section */

/* Begin PBXGroup section */
		9B65BBCC28659EE00080F3A8 = {
			isa = PBXGroup;
			children = (
				9B65BBD728659EE00080F3A8 /* MyShop */,
				9B65BBE828659EE20080F3A8 /* MyShopTests */,
				9B65BBF228659EE20080F3A8 /* MyShopUITests */,
				9B65BBD628659EE00080F3A8 /* Products */,
			);
			sourceTree = "<group>";
		};
		9B65BBD628659EE00080F3A8 /* Products */ = {
			isa = PBXGroup;
			children = (
				9B65BBD528659EE00080F3A8 /* MyShop.app */,
				9B65BBE528659EE20080F3A8 /* MyShopTests.xctest */,
				9B65BBEF28659EE20080F3A8 /* MyShopUITests.xctest */,
			);
			name = Products;
			sourceTree = "<group>";
		};
		9B65BBD728659EE00080F3A8 /* MyShop */ = {
			isa = PBXGroup;
			children = (
				9B65BC0A2865A91A0080F3A8 /* Views */,
				9B65BC052865A4FA0080F3A8 /* Components */,
				9B65BC022865A14A0080F3A8 /* Models */,
				9B65BBD828659EE00080F3A8 /* MyShopApp.swift */,
				9B65BBDC28659EE20080F3A8 /* Assets.xcassets */,
				9B65BBDE28659EE20080F3A8 /* Preview Content */,
				9B65BC112869B3800080F3A8 /* CartManager.swift */,
			);
			path = MyShop;
			sourceTree = "<group>";
		};
		9B65BBDE28659EE20080F3A8 /* Preview Content */ = {
			isa = PBXGroup;
			children = (
				9B65BBDF28659EE20080F3A8 /* Preview Assets.xcassets */,
			);
			path = "Preview Content";
			sourceTree = "<group>";
		};
		9B65BBE828659EE20080F3A8 /* MyShopTests */ = {
			isa = PBXGroup;
			children = (
				9B65BBE928659EE20080F3A8 /* MyShopTests.swift */,
			);
			path = MyShopTests;
			sourceTree = "<group>";
		};
		9B65BBF228659EE20080F3A8 /* MyShopUITests */ = {
			isa = PBXGroup;
			children = (
				9B65BBF328659EE20080F3A8 /* MyShopUITests.swift */,
				9B65BBF528659EE20080F3A8 /* MyShopUITestsLaunchTests.swift */,
			);
			path = MyShopUITests;
			sourceTree = "<group>";
		};
		9B65BC022865A14A0080F3A8 /* Models */ = {
			isa = PBXGroup;
			children = (
				9B65BC032865A1570080F3A8 /* Product.swift */,
			);
			path = Models;
			sourceTree = "<group>";
		};
		9B65BC052865A4FA0080F3A8 /* Components */ = {
			isa = PBXGroup;
			children = (
				9B65BC082865A55B0080F3A8 /* ProductCard.swift */,
				9B65BC0D2865AC380080F3A8 /* CartButton.swift */,
				9B65BC132869B6380080F3A8 /* ProductRow.swift */,
			);
			path = Components;
			sourceTree = "<group>";
		};
		9B65BC0A2865A91A0080F3A8 /* Views */ = {
			isa = PBXGroup;
			children = (
				9B65BBDA28659EE00080F3A8 /* ContentView.swift */,
				9B65BC0F2869B2CD0080F3A8 /* CartView.swift */,
			);
			path = Views;
			sourceTree = "<group>";
		};
/* End PBXGroup section */

/* Begin PBXNativeTarget section */
		9B65BBD428659EE00080F3A8 /* MyShop */ = {
			isa = PBXNativeTarget;
			buildConfigurationList = 9B65BBF928659EE20080F3A8 /* Build configuration list for PBXNativeTarget "MyShop" */;
			buildPhases = (
				9B65BBD128659EE00080F3A8 /* Sources */,
				9B65BBD228659EE00080F3A8 /* Frameworks */,
				9B65BBD328659EE00080F3A8 /* Resources */,
			);
			buildRules = (
			);
			dependencies = (
			);
			name = MyShop;
			productName = MyShop;
			productReference = 9B65BBD528659EE00080F3A8 /* MyShop.app */;
			productType = "com.apple.product-type.application";
		};
		9B65BBE428659EE20080F3A8 /* MyShopTests */ = {
			isa = PBXNativeTarget;
			buildConfigurationList = 9B65BBFC28659EE20080F3A8 /* Build configuration list for PBXNativeTarget "MyShopTests" */;
			buildPhases = (
				9B65BBE128659EE20080F3A8 /* Sources */,
				9B65BBE228659EE20080F3A8 /* Frameworks */,
				9B65BBE328659EE20080F3A8 /* Resources */,
			);
			buildRules = (
			);
			dependencies = (
				9B65BBE728659EE20080F3A8 /* PBXTargetDependency */,
			);
			name = MyShopTests;
			productName = MyShopTests;
			productReference = 9B65BBE528659EE20080F3A8 /* MyShopTests.xctest */;
			productType = "com.apple.product-type.bundle.unit-test";
		};
		9B65BBEE28659EE20080F3A8 /* MyShopUITests */ = {
			isa = PBXNativeTarget;
			buildConfigurationList = 9B65BBFF28659EE20080F3A8 /* Build configuration list for PBXNativeTarget "MyShopUITests" */;
			buildPhases = (
				9B65BBEB28659EE20080F3A8 /* Sources */,
				9B65BBEC28659EE20080F3A8 /* Frameworks */,
				9B65BBED28659EE20080F3A8 /* Resources */,
			);
			buildRules = (
			);
			dependencies = (
				9B65BBF128659EE20080F3A8 /* PBXTargetDependency */,
			);
			name = MyShopUITests;
			productName = MyShopUITests;
			productReference = 9B65BBEF28659EE20080F3A8 /* MyShopUITests.xctest */;
			productType = "com.apple.product-type.bundle.ui-testing";
		};
/* End PBXNativeTarget section */

/* Begin PBXProject section */
		9B65BBCD28659EE00080F3A8 /* Project object */ = {
			isa = PBXProject;
			attributes = {
				BuildIndependentTargetsInParallel = 1;
				LastSwiftUpdateCheck = 1320;
				LastUpgradeCheck = 1320;
				TargetAttributes = {
					9B65BBD428659EE00080F3A8 = {
						CreatedOnToolsVersion = 13.2.1;
					};
					9B65BBE428659EE20080F3A8 = {
						CreatedOnToolsVersion = 13.2.1;
						TestTargetID = 9B65BBD428659EE00080F3A8;
					};
					9B65BBEE28659EE20080F3A8 = {
						CreatedOnToolsVersion = 13.2.1;
						TestTargetID = 9B65BBD428659EE00080F3A8;
					};
				};
			};
			buildConfigurationList = 9B65BBD028659EE00080F3A8 /* Build configuration list for PBXProject "MyShop" */;
			compatibilityVersion = "Xcode 13.0";
			developmentRegion = en;
			hasScannedForEncodings = 0;
			knownRegions = (
				en,
				Base,
			);
			mainGroup = 9B65BBCC28659EE00080F3A8;
			productRefGroup = 9B65BBD628659EE00080F3A8 /* Products */;
			projectDirPath = "";
			projectRoot = "";
			targets = (
				9B65BBD428659EE00080F3A8 /* MyShop */,
				9B65BBE428659EE20080F3A8 /* MyShopTests */,
				9B65BBEE28659EE20080F3A8 /* MyShopUITests */,
			);
		};
/* End PBXProject section */

/* Begin PBXResourcesBuildPhase section */
		9B65BBD328659EE00080F3A8 /* Resources */ = {
			isa = PBXResourcesBuildPhase;
			buildActionMask = 2147483647;
			files = (
				9B65BBE028659EE20080F3A8 /* Preview Assets.xcassets in Resources */,
				9B65BBDD28659EE20080F3A8 /* Assets.xcassets in Resources */,
			);
			runOnlyForDeploymentPostprocessing = 0;
		};
		9B65BBE328659EE20080F3A8 /* Resources */ = {
			isa = PBXResourcesBuildPhase;
			buildActionMask = 2147483647;
			files = (
			);
			runOnlyForDeploymentPostprocessing = 0;
		};
		9B65BBED28659EE20080F3A8 /* Resources */ = {
			isa = PBXResourcesBuildPhase;
			buildActionMask = 2147483647;
			files = (
			);
			runOnlyForDeploymentPostprocessing = 0;
		};
/* End PBXResourcesBuildPhase section */

/* Begin PBXSourcesBuildPhase section */
		9B65BBD128659EE00080F3A8 /* Sources */ = {
			isa = PBXSourcesBuildPhase;
			buildActionMask = 2147483647;
			files = (
				9B65BC102869B2CD0080F3A8 /* CartView.swift in Sources */,
				9B65BBDB28659EE00080F3A8 /* ContentView.swift in Sources */,
				9B65BBD928659EE00080F3A8 /* MyShopApp.swift in Sources */,
				9B65BC042865A1570080F3A8 /* Product.swift in Sources */,
				9B65BC142869B6380080F3A8 /* ProductRow.swift in Sources */,
				9B65BC092865A55B0080F3A8 /* ProductCard.swift in Sources */,
				9B65BC122869B3800080F3A8 /* CartManager.swift in Sources */,
				9B65BC0E2865AC380080F3A8 /* CartButton.swift in Sources */,
			);
			runOnlyForDeploymentPostprocessing = 0;
		};
		9B65BBE128659EE20080F3A8 /* Sources */ = {
			isa = PBXSourcesBuildPhase;
			buildActionMask = 2147483647;
			files = (
				9B65BBEA28659EE20080F3A8 /* MyShopTests.swift in Sources */,
			);
			runOnlyForDeploymentPostprocessing = 0;
		};
		9B65BBEB28659EE20080F3A8 /* Sources */ = {
			isa = PBXSourcesBuildPhase;
			buildActionMask = 2147483647;
			files = (
				9B65BBF628659EE20080F3A8 /* MyShopUITestsLaunchTests.swift in Sources */,
				9B65BBF428659EE20080F3A8 /* MyShopUITests.swift in Sources */,
			);
			runOnlyForDeploymentPostprocessing = 0;
		};
/* End PBXSourcesBuildPhase section */

/* Begin PBXTargetDependency section */
		9B65BBE728659EE20080F3A8 /* PBXTargetDependency */ = {
			isa = PBXTargetDependency;
			target = 9B65BBD428659EE00080F3A8 /* MyShop */;
			targetProxy = 9B65BBE628659EE20080F3A8 /* PBXContainerItemProxy */;
		};
		9B65BBF128659EE20080F3A8 /* PBXTargetDependency */ = {
			isa = PBXTargetDependency;
			target = 9B65BBD428659EE00080F3A8 /* MyShop */;
			targetProxy = 9B65BBF028659EE20080F3A8 /* PBXContainerItemProxy */;
		};
/* End PBXTargetDependency section */

/* Begin XCBuildConfiguration section */
		9B65BBF728659EE20080F3A8 /* Debug */ = {
			isa = XCBuildConfiguration;
			buildSettings = {
				ALWAYS_SEARCH_USER_PATHS = NO;
				CLANG_ANALYZER_NONNULL = YES;
				CLANG_ANALYZER_NUMBER_OBJECT_CONVERSION = YES_AGGRESSIVE;
				CLANG_CXX_LANGUAGE_STANDARD = "gnu++17";
				CLANG_CXX_LIBRARY = "libc++";
				CLANG_ENABLE_MODULES = YES;
				CLANG_ENABLE_OBJC_ARC = YES;
				CLANG_ENABLE_OBJC_WEAK = YES;
				CLANG_WARN_BLOCK_CAPTURE_AUTORELEASING = YES;
				CLANG_WARN_BOOL_CONVERSION = YES;
				CLANG_WARN_COMMA = YES;
				CLANG_WARN_CONSTANT_CONVERSION = YES;
				CLANG_WARN_DEPRECATED_OBJC_IMPLEMENTATIONS = YES;
				CLANG_WARN_DIRECT_OBJC_ISA_USAGE = YES_ERROR;
				CLANG_WARN_DOCUMENTATION_COMMENTS = YES;
				CLANG_WARN_EMPTY_BODY = YES;
				CLANG_WARN_ENUM_CONVERSION = YES;
				CLANG_WARN_INFINITE_RECURSION = YES;
				CLANG_WARN_INT_CONVERSION = YES;
				CLANG_WARN_NON_LITERAL_NULL_CONVERSION = YES;
				CLANG_WARN_OBJC_IMPLICIT_RETAIN_SELF = YES;
				CLANG_WARN_OBJC_LITERAL_CONVERSION = YES;
				CLANG_WARN_OBJC_ROOT_CLASS = YES_ERROR;
				CLANG_WARN_QUOTED_INCLUDE_IN_FRAMEWORK_HEADER = YES;
				CLANG_WARN_RANGE_LOOP_ANALYSIS = YES;
				CLANG_WARN_STRICT_PROTOTYPES = YES;
				CLANG_WARN_SUSPICIOUS_MOVE = YES;
				CLANG_WARN_UNGUARDED_AVAILABILITY = YES_AGGRESSIVE;
				CLANG_WARN_UNREACHABLE_CODE = YES;
				CLANG_WARN__DUPLICATE_METHOD_MATCH = YES;
				COPY_PHASE_STRIP = NO;
				DEBUG_INFORMATION_FORMAT = dwarf;
				ENABLE_STRICT_OBJC_MSGSEND = YES;
				ENABLE_TESTABILITY = YES;
				GCC_C_LANGUAGE_STANDARD = gnu11;
				GCC_DYNAMIC_NO_PIC = NO;
				GCC_NO_COMMON_BLOCKS = YES;
				GCC_OPTIMIZATION_LEVEL = 0;
				GCC_PREPROCESSOR_DEFINITIONS = (
					"DEBUG=1",
					"$(inherited)",
				);
				GCC_WARN_64_TO_32_BIT_CONVERSION = YES;
				GCC_WARN_ABOUT_RETURN_TYPE = YES_ERROR;
				GCC_WARN_UNDECLARED_SELECTOR = YES;
				GCC_WARN_UNINITIALIZED_AUTOS = YES_AGGRESSIVE;
				GCC_WARN_UNUSED_FUNCTION = YES;
				GCC_WARN_UNUSED_VARIABLE = YES;
				IPHONEOS_DEPLOYMENT_TARGET = 15.2;
				MTL_ENABLE_DEBUG_INFO = INCLUDE_SOURCE;
				MTL_FAST_MATH = YES;
				ONLY_ACTIVE_ARCH = YES;
				SDKROOT = iphoneos;
				SWIFT_ACTIVE_COMPILATION_CONDITIONS = DEBUG;
				SWIFT_OPTIMIZATION_LEVEL = "-Onone";
			};
			name = Debug;
		};
		9B65BBF828659EE20080F3A8 /* Release */ = {
			isa = XCBuildConfiguration;
			buildSettings = {
				ALWAYS_SEARCH_USER_PATHS = NO;
				CLANG_ANALYZER_NONNULL = YES;
				CLANG_ANALYZER_NUMBER_OBJECT_CONVERSION = YES_AGGRESSIVE;
				CLANG_CXX_LANGUAGE_STANDARD = "gnu++17";
				CLANG_CXX_LIBRARY = "libc++";
				CLANG_ENABLE_MODULES = YES;
				CLANG_ENABLE_OBJC_ARC = YES;
				CLANG_ENABLE_OBJC_WEAK = YES;
				CLANG_WARN_BLOCK_CAPTURE_AUTORELEASING = YES;
				CLANG_WARN_BOOL_CONVERSION = YES;
				CLANG_WARN_COMMA = YES;
				CLANG_WARN_CONSTANT_CONVERSION = YES;
				CLANG_WARN_DEPRECATED_OBJC_IMPLEMENTATIONS = YES;
				CLANG_WARN_DIRECT_OBJC_ISA_USAGE = YES_ERROR;
				CLANG_WARN_DOCUMENTATION_COMMENTS = YES;
				CLANG_WARN_EMPTY_BODY = YES;
				CLANG_WARN_ENUM_CONVERSION = YES;
				CLANG_WARN_INFINITE_RECURSION = YES;
				CLANG_WARN_INT_CONVERSION = YES;
				CLANG_WARN_NON_LITERAL_NULL_CONVERSION = YES;
				CLANG_WARN_OBJC_IMPLICIT_RETAIN_SELF = YES;
				CLANG_WARN_OBJC_LITERAL_CONVERSION = YES;
				CLANG_WARN_OBJC_ROOT_CLASS = YES_ERROR;
				CLANG_WARN_QUOTED_INCLUDE_IN_FRAMEWORK_HEADER = YES;
				CLANG_WARN_RANGE_LOOP_ANALYSIS = YES;
				CLANG_WARN_STRICT_PROTOTYPES = YES;
				CLANG_WARN_SUSPICIOUS_MOVE = YES;
				CLANG_WARN_UNGUARDED_AVAILABILITY = YES_AGGRESSIVE;
				CLANG_WARN_UNREACHABLE_CODE = YES;
				CLANG_WARN__DUPLICATE_METHOD_MATCH = YES;
				COPY_PHASE_STRIP = NO;
				DEBUG_INFORMATION_FORMAT = "dwarf-with-dsym";
				ENABLE_NS_ASSERTIONS = NO;
				ENABLE_STRICT_OBJC_MSGSEND = YES;
				GCC_C_LANGUAGE_STANDARD = gnu11;
				GCC_NO_COMMON_BLOCKS = YES;
				GCC_WARN_64_TO_32_BIT_CONVERSION = YES;
				GCC_WARN_ABOUT_RETURN_TYPE = YES_ERROR;
				GCC_WARN_UNDECLARED_SELECTOR = YES;
				GCC_WARN_UNINITIALIZED_AUTOS = YES_AGGRESSIVE;
				GCC_WARN_UNUSED_FUNCTION = YES;
				GCC_WARN_UNUSED_VARIABLE = YES;
				IPHONEOS_DEPLOYMENT_TARGET = 15.2;
				MTL_ENABLE_DEBUG_INFO = NO;
				MTL_FAST_MATH = YES;
				SDKROOT = iphoneos;
				SWIFT_COMPILATION_MODE = wholemodule;
				SWIFT_OPTIMIZATION_LEVEL = "-O";
				VALIDATE_PRODUCT = YES;
			};
			name = Release;
		};
		9B65BBFA28659EE20080F3A8 /* Debug */ = {
			isa = XCBuildConfiguration;
			buildSettings = {
				ASSETCATALOG_COMPILER_APPICON_NAME = AppIcon;
				ASSETCATALOG_COMPILER_GLOBAL_ACCENT_COLOR_NAME = AccentColor;
				CODE_SIGN_STYLE = Automatic;
				CURRENT_PROJECT_VERSION = 1;
				DEVELOPMENT_ASSET_PATHS = "\"MyShop/Preview Content\"";
				ENABLE_PREVIEWS = YES;
				GENERATE_INFOPLIST_FILE = YES;
				INFOPLIST_KEY_UIApplicationSceneManifest_Generation = YES;
				INFOPLIST_KEY_UIApplicationSupportsIndirectInputEvents = YES;
				INFOPLIST_KEY_UILaunchScreen_Generation = YES;
				INFOPLIST_KEY_UISupportedInterfaceOrientations_iPad = "UIInterfaceOrientationPortrait UIInterfaceOrientationPortraitUpsideDown UIInterfaceOrientationLandscapeLeft UIInterfaceOrientationLandscapeRight";
				INFOPLIST_KEY_UISupportedInterfaceOrientations_iPhone = "UIInterfaceOrientationPortrait UIInterfaceOrientationLandscapeLeft UIInterfaceOrientationLandscapeRight";
				LD_RUNPATH_SEARCH_PATHS = (
					"$(inherited)",
					"@executable_path/Frameworks",
				);
				MARKETING_VERSION = 1.0;
				PRODUCT_BUNDLE_IDENTIFIER = com.example.apple.MyShop;
				PRODUCT_NAME = "$(TARGET_NAME)";
				SWIFT_EMIT_LOC_STRINGS = YES;
				SWIFT_VERSION = 5.0;
				TARGETED_DEVICE_FAMILY = "1,2";
			};
			name = Debug;
		};
		9B65BBFB28659EE20080F3A8 /* Release */ = {
			isa = XCBuildConfiguration;
			buildSettings = {
				ASSETCATALOG_COMPILER_APPICON_NAME = AppIcon;
				ASSETCATALOG_COMPILER_GLOBAL_ACCENT_COLOR_NAME = AccentColor;
				CODE_SIGN_STYLE = Automatic;
				CURRENT_PROJECT_VERSION = 1;
				DEVELOPMENT_ASSET_PATHS = "\"MyShop/Preview Content\"";
				ENABLE_PREVIEWS = YES;
				GENERATE_INFOPLIST_FILE = YES;
				INFOPLIST_KEY_UIApplicationSceneManifest_Generation = YES;
				INFOPLIST_KEY_UIApplicationSupportsIndirectInputEvents = YES;
				INFOPLIST_KEY_UILaunchScreen_Generation = YES;
				INFOPLIST_KEY_UISupportedInterfaceOrientations_iPad = "UIInterfaceOrientationPortrait UIInterfaceOrientationPortraitUpsideDown UIInterfaceOrientationLandscapeLeft UIInterfaceOrientationLandscapeRight";
				INFOPLIST_KEY_UISupportedInterfaceOrientations_iPhone = "UIInterfaceOrientationPortrait UIInterfaceOrientationLandscapeLeft UIInterfaceOrientationLandscapeRight";
				LD_RUNPATH_SEARCH_PATHS = (
					"$(inherited)",
					"@executable_path/Frameworks",
				);
				MARKETING_VERSION = 1.0;
				PRODUCT_BUNDLE_IDENTIFIER = com.example.apple.MyShop;
				PRODUCT_NAME = "$(TARGET_NAME)";
				SWIFT_EMIT_LOC_STRINGS = YES;
				SWIFT_VERSION = 5.0;
				TARGETED_DEVICE_FAMILY = "1,2";
			};
			name = Release;
		};
		9B65BBFD28659EE20080F3A8 /* Debug */ = {
			isa = XCBuildConfiguration;
			buildSettings = {
				ALWAYS_EMBED_SWIFT_STANDARD_LIBRARIES = YES;
				BUNDLE_LOADER = "$(TEST_HOST)";
				CODE_SIGN_STYLE = Automatic;
				CURRENT_PROJECT_VERSION = 1;
				GENERATE_INFOPLIST_FILE = YES;
				IPHONEOS_DEPLOYMENT_TARGET = 15.2;
				MARKETING_VERSION = 1.0;
				PRODUCT_BUNDLE_IDENTIFIER = com.example.apple.MyShopTests;
				PRODUCT_NAME = "$(TARGET_NAME)";
				SWIFT_EMIT_LOC_STRINGS = NO;
				SWIFT_VERSION = 5.0;
				TARGETED_DEVICE_FAMILY = "1,2";
				TEST_HOST = "$(BUILT_PRODUCTS_DIR)/MyShop.app/MyShop";
			};
			name = Debug;
		};
		9B65BBFE28659EE20080F3A8 /* Release */ = {
			isa = XCBuildConfiguration;
			buildSettings = {
				ALWAYS_EMBED_SWIFT_STANDARD_LIBRARIES = YES;
				BUNDLE_LOADER = "$(TEST_HOST)";
				CODE_SIGN_STYLE = Automatic;
				CURRENT_PROJECT_VERSION = 1;
				GENERATE_INFOPLIST_FILE = YES;
				IPHONEOS_DEPLOYMENT_TARGET = 15.2;
				MARKETING_VERSION = 1.0;
				PRODUCT_BUNDLE_IDENTIFIER = com.example.apple.MyShopTests;
				PRODUCT_NAME = "$(TARGET_NAME)";
				SWIFT_EMIT_LOC_STRINGS = NO;
				SWIFT_VERSION = 5.0;
				TARGETED_DEVICE_FAMILY = "1,2";
				TEST_HOST = "$(BUILT_PRODUCTS_DIR)/MyShop.app/MyShop";
			};
			name = Release;
		};
		9B65BC0028659EE20080F3A8 /* Debug */ = {
			isa = XCBuildConfiguration;
			buildSettings = {
				ALWAYS_EMBED_SWIFT_STANDARD_LIBRARIES = YES;
				CODE_SIGN_STYLE = Automatic;
				CURRENT_PROJECT_VERSION = 1;
				GENERATE_INFOPLIST_FILE = YES;
				MARKETING_VERSION = 1.0;
				PRODUCT_BUNDLE_IDENTIFIER = com.example.apple.MyShopUITests;
				PRODUCT_NAME = "$(TARGET_NAME)";
				SWIFT_EMIT_LOC_STRINGS = NO;
				SWIFT_VERSION = 5.0;
				TARGETED_DEVICE_FAMILY = "1,2";
				TEST_TARGET_NAME = MyShop;
			};
			name = Debug;
		};
		9B65BC0128659EE20080F3A8 /* Release */ = {
			isa = XCBuildConfiguration;
			buildSettings = {
				ALWAYS_EMBED_SWIFT_STANDARD_LIBRARIES = YES;
				CODE_SIGN_STYLE = Automatic;
				CURRENT_PROJECT_VERSION = 1;
				GENERATE_INFOPLIST_FILE = YES;
				MARKETING_VERSION = 1.0;
				PRODUCT_BUNDLE_IDENTIFIER = com.example.apple.MyShopUITests;
				PRODUCT_NAME = "$(TARGET_NAME)";
				SWIFT_EMIT_LOC_STRINGS = NO;
				SWIFT_VERSION = 5.0;
				TARGETED_DEVICE_FAMILY = "1,2";
				TEST_TARGET_NAME = MyShop;
			};
			name = Release;
		};
/* End XCBuildConfiguration section */

/* Begin XCConfigurationList section */
		9B65BBD028659EE00080F3A8 /* Build configuration list for PBXProject "MyShop" */ = {
			isa = XCConfigurationList;
			buildConfigurations = (
				9B65BBF728659EE20080F3A8 /* Debug */,
				9B65BBF828659EE20080F3A8 /* Release */,
			);
			defaultConfigurationIsVisible = 0;
			defaultConfigurationName = Release;
		};
		9B65BBF928659EE20080F3A8 /* Build configuration list for PBXNativeTarget "MyShop" */ = {
			isa = XCConfigurationList;
			buildConfigurations = (
				9B65BBFA28659EE20080F3A8 /* Debug */,
				9B65BBFB28659EE20080F3A8 /* Release */,
			);
			defaultConfigurationIsVisible = 0;
			defaultConfigurationName = Release;
		};
		9B65BBFC28659EE20080F3A8 /* Build configuration list for PBXNativeTarget "MyShopTests" */ = {
			isa = XCConfigurationList;
			buildConfigurations = (
				9B65BBFD28659EE20080F3A8 /* Debug */,
				9B65BBFE28659EE20080F3A8 /* Release */,
			);
			defaultConfigurationIsVisible = 0;
			defaultConfigurationName = Release;
		};
		9B65BBFF28659EE20080F3A8 /* Build configuration list for PBXNativeTarget "MyShopUITests" */ = {
			isa = XCConfigurationList;
			buildConfigurations = (
				9B65BC0028659EE20080F3A8 /* Debug */,
				9B65BC0128659EE20080F3A8 /* Release */,
			);
			defaultConfigurationIsVisible = 0;
			defaultConfigurationName = Release;
		};
/* End XCConfigurationList section */
	};
	rootObject = 9B65BBCD28659EE00080F3A8 /* Project object */;
}
